
Microsoft Visual Studio Solution File, Format Version 12.00
# Visual Studio Version 17
VisualStudioVersion = 17.0.31903.59
MinimumVisualStudioVersion = 10.0.40219.1
Project("{2150E333-8FDC-42A3-9474-1A3956D46DE8}") = "src", "src", "{552B1B83-20E1-45C4-B02F-6242AA09FEDB}"
EndProject
Project("{FAE04EC0-301F-11D3-BF4B-00C04F79EFBC}") = "Console", "src\Console\ProjectScaffold.csproj", "{1B67AA4B-6336-44B7-9CD1-70CA68A07013}"
EndProject
Project("{2150E333-8FDC-42A3-9474-1A3956D46DE8}") = "test", "test", "{18479906-57B9-40FA-BB91-F7D286DDAFCD}"
EndProject
Project("{FAE04EC0-301F-11D3-BF4B-00C04F79EFBC}") = "Console.UnitTests", "test\Console.UnitTests\Console.UnitTests.csproj", "{695D1435-42A7-48D8-AFD1-1565EC6578EF}"
EndProject
Global
	GlobalSection(SolutionConfigurationPlatforms) = preSolution
		Debug|Any CPU = Debug|Any CPU
		Release|Any CPU = Release|Any CPU
	EndGlobalSection
	GlobalSection(SolutionProperties) = preSolution
		HideSolutionNode = FALSE
	EndGlobalSection
	GlobalSection(ProjectConfigurationPlatforms) = postSolution
		{1B67AA4B-6336-44B7-9CD1-70CA68A07013}.Debug|Any CPU.ActiveCfg = Debug|Any CPU
		{1B67AA4B-6336-44B7-9CD1-70CA68A07013}.Debug|Any CPU.Build.0 = Debug|Any CPU
		{1B67AA4B-6336-44B7-9CD1-70CA68A07013}.Release|Any CPU.ActiveCfg = Release|Any CPU
		{1B67AA4B-6336-44B7-9CD1-70CA68A07013}.Release|Any CPU.Build.0 = Release|Any CPU
		{695D1435-42A7-48D8-AFD1-1565EC6578EF}.Debug|Any CPU.ActiveCfg = Debug|Any CPU
		{695D1435-42A7-48D8-AFD1-1565EC6578EF}.Debug|Any CPU.Build.0 = Debug|Any CPU
		{695D1435-42A7-48D8-AFD1-1565EC6578EF}.Release|Any CPU.ActiveCfg = Release|Any CPU
		{695D1435-42A7-48D8-AFD1-1565EC6578EF}.Release|Any CPU.Build.0 = Release|Any CPU
	EndGlobalSection
	GlobalSection(NestedProjects) = preSolution
		{1B67AA4B-6336-44B7-9CD1-70CA68A07013} = {552B1B83-20E1-45C4-B02F-6242AA09FEDB}
		{695D1435-42A7-48D8-AFD1-1565EC6578EF} = {18479906-57B9-40FA-BB91-F7D286DDAFCD}
	EndGlobalSection
EndGlobal
